
Microsoft Visual Studio Solution File, Format Version 12.00
# Visual Studio Version 16
VisualStudioVersion = 16.0.29123.88
MinimumVisualStudioVersion = 10.0.40219.1
Project("{FAE04EC0-301F-11D3-BF4B-00C04F79EFBC}") = "App_ui", "App_ui\App_ui.csproj", "{A45A2FF6-68BB-46C5-B294-56F9E2F8A0D6}"
EndProject
Project("{8BC9CEB8-8B4A-11D0-8D11-00A0C91BC942}") = "CVAlgorithms", "CVAlgorithms\CVAlgorithms.vcxproj", "{E18F2DDA-0216-4AAC-920E-70C8CAFBF549}"
EndProject
Global
	GlobalSection(SolutionConfigurationPlatforms) = preSolution
		Debug|Any CPU = Debug|Any CPU
		Debug|x64 = Debug|x64
		Debug|x86 = Debug|x86
		Release|Any CPU = Release|Any CPU
		Release|x64 = Release|x64
		Release|x86 = Release|x86
	EndGlobalSection
	GlobalSection(ProjectConfigurationPlatforms) = postSolution
		{A45A2FF6-68BB-46C5-B294-56F9E2F8A0D6}.Debug|Any CPU.ActiveCfg = Debug|Any CPU
		{A45A2FF6-68BB-46C5-B294-56F9E2F8A0D6}.Debug|Any CPU.Build.0 = Debug|Any CPU
		{A45A2FF6-68BB-46C5-B294-56F9E2F8A0D6}.Debug|x64.ActiveCfg = Debug|Any CPU
		{A45A2FF6-68BB-46C5-B294-56F9E2F8A0D6}.Debug|x64.Build.0 = Debug|Any CPU
		{A45A2FF6-68BB-46C5-B294-56F9E2F8A0D6}.Debug|x86.ActiveCfg = Debug|Any CPU
		{A45A2FF6-68BB-46C5-B294-56F9E2F8A0D6}.Debug|x86.Build.0 = Debug|Any CPU
		{A45A2FF6-68BB-46C5-B294-56F9E2F8A0D6}.Release|Any CPU.ActiveCfg = Release|Any CPU
		{A45A2FF6-68BB-46C5-B294-56F9E2F8A0D6}.Release|Any CPU.Build.0 = Release|Any CPU
		{A45A2FF6-68BB-46C5-B294-56F9E2F8A0D6}.Release|x64.ActiveCfg = Release|Any CPU
		{A45A2FF6-68BB-46C5-B294-56F9E2F8A0D6}.Release|x64.Build.0 = Release|Any CPU
		{A45A2FF6-68BB-46C5-B294-56F9E2F8A0D6}.Release|x86.ActiveCfg = Release|Any CPU
		{A45A2FF6-68BB-46C5-B294-56F9E2F8A0D6}.Release|x86.Build.0 = Release|Any CPU
		{E18F2DDA-0216-4AAC-920E-70C8CAFBF549}.Debug|Any CPU.ActiveCfg = Debug|Win32
		{E18F2DDA-0216-4AAC-920E-70C8CAFBF549}.Debug|x64.ActiveCfg = Debug|x64
		{E18F2DDA-0216-4AAC-920E-70C8CAFBF549}.Debug|x64.Build.0 = Debug|x64
		{E18F2DDA-0216-4AAC-920E-70C8CAFBF549}.Debug|x86.ActiveCfg = Debug|Win32
		{E18F2DDA-0216-4AAC-920E-70C8CAFBF549}.Debug|x86.Build.0 = Debug|Win32
		{E18F2DDA-0216-4AAC-920E-70C8CAFBF549}.Release|Any CPU.ActiveCfg = Release|Win32
		{E18F2DDA-0216-4AAC-920E-70C8CAFBF549}.Release|x64.ActiveCfg = Release|x64
		{E18F2DDA-0216-4AAC-920E-70C8CAFBF549}.Release|x64.Build.0 = Release|x64
		{E18F2DDA-0216-4AAC-920E-70C8CAFBF549}.Release|x86.ActiveCfg = Release|Win32
		{E18F2DDA-0216-4AAC-920E-70C8CAFBF549}.Release|x86.Build.0 = Release|Win32
	EndGlobalSection
	GlobalSection(SolutionProperties) = preSolution
		HideSolutionNode = FALSE
	EndGlobalSection
	GlobalSection(ExtensibilityGlobals) = postSolution
		SolutionGuid = {261A673D-085C-41FB-BDE1-EF5C249948E5}
	EndGlobalSection
EndGlobal
