
Microsoft Visual Studio Solution File, Format Version 12.00
# Visual Studio Version 16
VisualStudioVersion = 16.0.29123.88
MinimumVisualStudioVersion = 10.0.40219.1
Project("{FAE04EC0-301F-11D3-BF4B-00C04F79EFBC}") = "App_ui", "App_ui\App_ui.csproj", "{A45A2FF6-68BB-46C5-B294-56F9E2F8A0D6}"
EndProject
Global
	GlobalSection(SolutionConfigurationPlatforms) = preSolution
		Debug|Any CPU = Debug|Any CPU
		Release|Any CPU = Release|Any CPU
	EndGlobalSection
	GlobalSection(ProjectConfigurationPlatforms) = postSolution
		{A45A2FF6-68BB-46C5-B294-56F9E2F8A0D6}.Debug|Any CPU.ActiveCfg = Debug|Any CPU
		{A45A2FF6-68BB-46C5-B294-56F9E2F8A0D6}.Debug|Any CPU.Build.0 = Debug|Any CPU
		{A45A2FF6-68BB-46C5-B294-56F9E2F8A0D6}.Release|Any CPU.ActiveCfg = Release|Any CPU
		{A45A2FF6-68BB-46C5-B294-56F9E2F8A0D6}.Release|Any CPU.Build.0 = Release|Any CPU
	EndGlobalSection
	GlobalSection(SolutionProperties) = preSolution
		HideSolutionNode = FALSE
	EndGlobalSection
	GlobalSection(ExtensibilityGlobals) = postSolution
		SolutionGuid = {261A673D-085C-41FB-BDE1-EF5C249948E5}
	EndGlobalSection
EndGlobal
